// !$*UTF8*$!
{
	archiveVersion = 1;
	classes = {
	};
	objectVersion = 50;
	objects = {

/* Begin PBXBuildFile section */
		5D79900723638BF400C29ACF /* AppDelegate.swift in Sources */ = {isa = PBXBuildFile; fileRef = 5D79900623638BF400C29ACF /* AppDelegate.swift */; };
		5D79900923638BF400C29ACF /* ViewController.swift in Sources */ = {isa = PBXBuildFile; fileRef = 5D79900823638BF400C29ACF /* ViewController.swift */; };
		5D79900C23638BF400C29ACF /* Main.storyboard in Resources */ = {isa = PBXBuildFile; fileRef = 5D79900A23638BF400C29ACF /* Main.storyboard */; };
		5D79900E23638BF400C29ACF /* Assets.xcassets in Resources */ = {isa = PBXBuildFile; fileRef = 5D79900D23638BF400C29ACF /* Assets.xcassets */; };
		5D79901123638BF400C29ACF /* LaunchScreen.storyboard in Resources */ = {isa = PBXBuildFile; fileRef = 5D79900F23638BF400C29ACF /* LaunchScreen.storyboard */; };
		5D799019236391D200C29ACF /* secondViewController.swift in Sources */ = {isa = PBXBuildFile; fileRef = 5D799018236391D200C29ACF /* secondViewController.swift */; };
/* End PBXBuildFile section */

/* Begin PBXFileReference section */
		5D79900323638BF400C29ACF /* loginUsernamePassword.app */ = {isa = PBXFileReference; explicitFileType = wrapper.application; includeInIndex = 0; path = loginUsernamePassword.app; sourceTree = BUILT_PRODUCTS_DIR; };
		5D79900623638BF400C29ACF /* AppDelegate.swift */ = {isa = PBXFileReference; lastKnownFileType = sourcecode.swift; path = AppDelegate.swift; sourceTree = "<group>"; };
		5D79900823638BF400C29ACF /* ViewController.swift */ = {isa = PBXFileReference; lastKnownFileType = sourcecode.swift; path = ViewController.swift; sourceTree = "<group>"; };
		5D79900B23638BF400C29ACF /* Base */ = {isa = PBXFileReference; lastKnownFileType = file.storyboard; name = Base; path = Base.lproj/Main.storyboard; sourceTree = "<group>"; };
		5D79900D23638BF400C29ACF /* Assets.xcassets */ = {isa = PBXFileReference; lastKnownFileType = folder.assetcatalog; path = Assets.xcassets; sourceTree = "<group>"; };
		5D79901023638BF400C29ACF /* Base */ = {isa = PBXFileReference; lastKnownFileType = file.storyboard; name = Base; path = Base.lproj/LaunchScreen.storyboard; sourceTree = "<group>"; };
		5D79901223638BF400C29ACF /* Info.plist */ = {isa = PBXFileReference; lastKnownFileType = text.plist.xml; path = Info.plist; sourceTree = "<group>"; };
		5D799018236391D200C29ACF /* secondViewController.swift */ = {isa = PBXFileReference; lastKnownFileType = sourcecode.swift; path = secondViewController.swift; sourceTree = "<group>"; };
/* End PBXFileReference section */

/* Begin PBXFrameworksBuildPhase section */
		5D79900023638BF400C29ACF /* Frameworks */ = {
			isa = PBXFrameworksBuildPhase;
			buildActionMask = 2147483647;
			files = (
			);
			runOnlyForDeploymentPostprocessing = 0;
		};
/* End PBXFrameworksBuildPhase section */

/* Begin PBXGroup section */
		5D798FFA23638BF400C29ACF = {
			isa = PBXGroup;
			children = (
				5D79900523638BF400C29ACF /* loginUsernamePassword */,
				5D79900423638BF400C29ACF /* Products */,
			);
			sourceTree = "<group>";
		};
		5D79900423638BF400C29ACF /* Products */ = {
			isa = PBXGroup;
			children = (
				5D79900323638BF400C29ACF /* loginUsernamePassword.app */,
			);
			name = Products;
			sourceTree = "<group>";
		};
		5D79900523638BF400C29ACF /* loginUsernamePassword */ = {
			isa = PBXGroup;
			children = (
				5D79900623638BF400C29ACF /* AppDelegate.swift */,
				5D79900823638BF400C29ACF /* ViewController.swift */,
				5D79900A23638BF400C29ACF /* Main.storyboard */,
				5D799018236391D200C29ACF /* secondViewController.swift */,
				5D79900D23638BF400C29ACF /* Assets.xcassets */,
				5D79900F23638BF400C29ACF /* LaunchScreen.storyboard */,
				5D79901223638BF400C29ACF /* Info.plist */,
			);
			path = loginUsernamePassword;
			sourceTree = "<group>";
		};
/* End PBXGroup section */

/* Begin PBXNativeTarget section */
		5D79900223638BF400C29ACF /* loginUsernamePassword */ = {
			isa = PBXNativeTarget;
			buildConfigurationList = 5D79901523638BF400C29ACF /* Build configuration list for PBXNativeTarget "loginUsernamePassword" */;
			buildPhases = (
				5D798FFF23638BF400C29ACF /* Sources */,
				5D79900023638BF400C29ACF /* Frameworks */,
				5D79900123638BF400C29ACF /* Resources */,
			);
			buildRules = (
			);
			dependencies = (
			);
			name = loginUsernamePassword;
			productName = loginUsernamePassword;
			productReference = 5D79900323638BF400C29ACF /* loginUsernamePassword.app */;
			productType = "com.apple.product-type.application";
		};
/* End PBXNativeTarget section */

/* Begin PBXProject section */
		5D798FFB23638BF400C29ACF /* Project object */ = {
			isa = PBXProject;
			attributes = {
				LastSwiftUpdateCheck = 1000;
				LastUpgradeCheck = 1000;
				ORGANIZATIONNAME = english;
				TargetAttributes = {
					5D79900223638BF400C29ACF = {
						CreatedOnToolsVersion = 10.0;
					};
				};
			};
			buildConfigurationList = 5D798FFE23638BF400C29ACF /* Build configuration list for PBXProject "loginUsernamePassword" */;
			compatibilityVersion = "Xcode 9.3";
			developmentRegion = en;
			hasScannedForEncodings = 0;
			knownRegions = (
				en,
				Base,
			);
			mainGroup = 5D798FFA23638BF400C29ACF;
			productRefGroup = 5D79900423638BF400C29ACF /* Products */;
			projectDirPath = "";
			projectRoot = "";
			targets = (
				5D79900223638BF400C29ACF /* loginUsernamePassword */,
			);
		};
/* End PBXProject section */

/* Begin PBXResourcesBuildPhase section */
		5D79900123638BF400C29ACF /* Resources */ = {
			isa = PBXResourcesBuildPhase;
			buildActionMask = 2147483647;
			files = (
				5D79901123638BF400C29ACF /* LaunchScreen.storyboard in Resources */,
				5D79900E23638BF400C29ACF /* Assets.xcassets in Resources */,
				5D79900C23638BF400C29ACF /* Main.storyboard in Resources */,
			);
			runOnlyForDeploymentPostprocessing = 0;
		};
/* End PBXResourcesBuildPhase section */

/* Begin PBXSourcesBuildPhase section */
		5D798FFF23638BF400C29ACF /* Sources */ = {
			isa = PBXSourcesBuildPhase;
			buildActionMask = 2147483647;
			files = (
				5D79900923638BF400C29ACF /* ViewController.swift in Sources */,
				5D799019236391D200C29ACF /* secondViewController.swift in Sources */,
				5D79900723638BF400C29ACF /* AppDelegate.swift in Sources */,
			);
			runOnlyForDeploymentPostprocessing = 0;
		};
/* End PBXSourcesBuildPhase section */

/* Begin PBXVariantGroup section */
		5D79900A23638BF400C29ACF /* Main.storyboard */ = {
			isa = PBXVariantGroup;
			children = (
				5D79900B23638BF400C29ACF /* Base */,
			);
			name = Main.storyboard;
			sourceTree = "<group>";
		};
		5D79900F23638BF400C29ACF /* LaunchScreen.storyboard */ = {
			isa = PBXVariantGroup;
			children = (
				5D79901023638BF400C29ACF /* Base */,
			);
			name = LaunchScreen.storyboard;
			sourceTree = "<group>";
		};
/* End PBXVariantGroup section */

/* Begin XCBuildConfiguration section */
		5D79901323638BF400C29ACF /* Debug */ = {
			isa = XCBuildConfiguration;
			buildSettings = {
				ALWAYS_SEARCH_USER_PATHS = NO;
				CLANG_ANALYZER_NONNULL = YES;
				CLANG_ANALYZER_NUMBER_OBJECT_CONVERSION = YES_AGGRESSIVE;
				CLANG_CXX_LANGUAGE_STANDARD = "gnu++14";
				CLANG_CXX_LIBRARY = "libc++";
				CLANG_ENABLE_MODULES = YES;
				CLANG_ENABLE_OBJC_ARC = YES;
				CLANG_ENABLE_OBJC_WEAK = YES;
				CLANG_WARN_BLOCK_CAPTURE_AUTORELEASING = YES;
				CLANG_WARN_BOOL_CONVERSION = YES;
				CLANG_WARN_COMMA = YES;
				CLANG_WARN_CONSTANT_CONVERSION = YES;
				CLANG_WARN_DEPRECATED_OBJC_IMPLEMENTATIONS = YES;
				CLANG_WARN_DIRECT_OBJC_ISA_USAGE = YES_ERROR;
				CLANG_WARN_DOCUMENTATION_COMMENTS = YES;
				CLANG_WARN_EMPTY_BODY = YES;
				CLANG_WARN_ENUM_CONVERSION = YES;
				CLANG_WARN_INFINITE_RECURSION = YES;
				CLANG_WARN_INT_CONVERSION = YES;
				CLANG_WARN_NON_LITERAL_NULL_CONVERSION = YES;
				CLANG_WARN_OBJC_IMPLICIT_RETAIN_SELF = YES;
				CLANG_WARN_OBJC_LITERAL_CONVERSION = YES;
				CLANG_WARN_OBJC_ROOT_CLASS = YES_ERROR;
				CLANG_WARN_RANGE_LOOP_ANALYSIS = YES;
				CLANG_WARN_STRICT_PROTOTYPES = YES;
				CLANG_WARN_SUSPICIOUS_MOVE = YES;
				CLANG_WARN_UNGUARDED_AVAILABILITY = YES_AGGRESSIVE;
				CLANG_WARN_UNREACHABLE_CODE = YES;
				CLANG_WARN__DUPLICATE_METHOD_MATCH = YES;
				CODE_SIGN_IDENTITY = "iPhone Developer";
				COPY_PHASE_STRIP = NO;
				DEBUG_INFORMATION_FORMAT = dwarf;
				ENABLE_STRICT_OBJC_MSGSEND = YES;
				ENABLE_TESTABILITY = YES;
				GCC_C_LANGUAGE_STANDARD = gnu11;
				GCC_DYNAMIC_NO_PIC = NO;
				GCC_NO_COMMON_BLOCKS = YES;
				GCC_OPTIMIZATION_LEVEL = 0;
				GCC_PREPROCESSOR_DEFINITIONS = (
					"DEBUG=1",
					"$(inherited)",
				);
				GCC_WARN_64_TO_32_BIT_CONVERSION = YES;
				GCC_WARN_ABOUT_RETURN_TYPE = YES_ERROR;
				GCC_WARN_UNDECLARED_SELECTOR = YES;
				GCC_WARN_UNINITIALIZED_AUTOS = YES_AGGRESSIVE;
				GCC_WARN_UNUSED_FUNCTION = YES;
				GCC_WARN_UNUSED_VARIABLE = YES;
				IPHONEOS_DEPLOYMENT_TARGET = 12.0;
				MTL_ENABLE_DEBUG_INFO = INCLUDE_SOURCE;
				MTL_FAST_MATH = YES;
				ONLY_ACTIVE_ARCH = YES;
				SDKROOT = iphoneos;
				SWIFT_ACTIVE_COMPILATION_CONDITIONS = DEBUG;
				SWIFT_OPTIMIZATION_LEVEL = "-Onone";
			};
			name = Debug;
		};
		5D79901423638BF400C29ACF /* Release */ = {
			isa = XCBuildConfiguration;
			buildSettings = {
				ALWAYS_SEARCH_USER_PATHS = NO;
				CLANG_ANALYZER_NONNULL = YES;
				CLANG_ANALYZER_NUMBER_OBJECT_CONVERSION = YES_AGGRESSIVE;
				CLANG_CXX_LANGUAGE_STANDARD = "gnu++14";
				CLANG_CXX_LIBRARY = "libc++";
				CLANG_ENABLE_MODULES = YES;
				CLANG_ENABLE_OBJC_ARC = YES;
				CLANG_ENABLE_OBJC_WEAK = YES;
				CLANG_WARN_BLOCK_CAPTURE_AUTORELEASING = YES;
				CLANG_WARN_BOOL_CONVERSION = YES;
				CLANG_WARN_COMMA = YES;
				CLANG_WARN_CONSTANT_CONVERSION = YES;
				CLANG_WARN_DEPRECATED_OBJC_IMPLEMENTATIONS = YES;
				CLANG_WARN_DIRECT_OBJC_ISA_USAGE = YES_ERROR;
				CLANG_WARN_DOCUMENTATION_COMMENTS = YES;
				CLANG_WARN_EMPTY_BODY = YES;
				CLANG_WARN_ENUM_CONVERSION = YES;
				CLANG_WARN_INFINITE_RECURSION = YES;
				CLANG_WARN_INT_CONVERSION = YES;
				CLANG_WARN_NON_LITERAL_NULL_CONVERSION = YES;
				CLANG_WARN_OBJC_IMPLICIT_RETAIN_SELF = YES;
				CLANG_WARN_OBJC_LITERAL_CONVERSION = YES;
				CLANG_WARN_OBJC_ROOT_CLASS = YES_ERROR;
				CLANG_WARN_RANGE_LOOP_ANALYSIS = YES;
				CLANG_WARN_STRICT_PROTOTYPES = YES;
				CLANG_WARN_SUSPICIOUS_MOVE = YES;
				CLANG_WARN_UNGUARDED_AVAILABILITY = YES_AGGRESSIVE;
				CLANG_WARN_UNREACHABLE_CODE = YES;
				CLANG_WARN__DUPLICATE_METHOD_MATCH = YES;
				CODE_SIGN_IDENTITY = "iPhone Developer";
				COPY_PHASE_STRIP = NO;
				DEBUG_INFORMATION_FORMAT = "dwarf-with-dsym";
				ENABLE_NS_ASSERTIONS = NO;
				ENABLE_STRICT_OBJC_MSGSEND = YES;
				GCC_C_LANGUAGE_STANDARD = gnu11;
				GCC_NO_COMMON_BLOCKS = YES;
				GCC_WARN_64_TO_32_BIT_CONVERSION = YES;
				GCC_WARN_ABOUT_RETURN_TYPE = YES_ERROR;
				GCC_WARN_UNDECLARED_SELECTOR = YES;
				GCC_WARN_UNINITIALIZED_AUTOS = YES_AGGRESSIVE;
				GCC_WARN_UNUSED_FUNCTION = YES;
				GCC_WARN_UNUSED_VARIABLE = YES;
				IPHONEOS_DEPLOYMENT_TARGET = 12.0;
				MTL_ENABLE_DEBUG_INFO = NO;
				MTL_FAST_MATH = YES;
				SDKROOT = iphoneos;
				SWIFT_COMPILATION_MODE = wholemodule;
				SWIFT_OPTIMIZATION_LEVEL = "-O";
				VALIDATE_PRODUCT = YES;
			};
			name = Release;
		};
		5D79901623638BF400C29ACF /* Debug */ = {
			isa = XCBuildConfiguration;
			buildSettings = {
				ASSETCATALOG_COMPILER_APPICON_NAME = AppIcon;
				CODE_SIGN_STYLE = Automatic;
				INFOPLIST_FILE = loginUsernamePassword/Info.plist;
				LD_RUNPATH_SEARCH_PATHS = (
					"$(inherited)",
					"@executable_path/Frameworks",
				);
				PRODUCT_BUNDLE_IDENTIFIER = com..loginUsernamePassword;
				PRODUCT_NAME = "$(TARGET_NAME)";
				SWIFT_VERSION = 4.2;
				TARGETED_DEVICE_FAMILY = "1,2";
			};
			name = Debug;
		};
		5D79901723638BF400C29ACF /* Release */ = {
			isa = XCBuildConfiguration;
			buildSettings = {
				ASSETCATALOG_COMPILER_APPICON_NAME = AppIcon;
				CODE_SIGN_STYLE = Automatic;
				INFOPLIST_FILE = loginUsernamePassword/Info.plist;
				LD_RUNPATH_SEARCH_PATHS = (
					"$(inherited)",
					"@executable_path/Frameworks",
				);
				PRODUCT_BUNDLE_IDENTIFIER = com..loginUsernamePassword;
				PRODUCT_NAME = "$(TARGET_NAME)";
				SWIFT_VERSION = 4.2;
				TARGETED_DEVICE_FAMILY = "1,2";
			};
			name = Release;
		};
/* End XCBuildConfiguration section */

/* Begin XCConfigurationList section */
		5D798FFE23638BF400C29ACF /* Build configuration list for PBXProject "loginUsernamePassword" */ = {
			isa = XCConfigurationList;
			buildConfigurations = (
				5D79901323638BF400C29ACF /* Debug */,
				5D79901423638BF400C29ACF /* Release */,
			);
			defaultConfigurationIsVisible = 0;
			defaultConfigurationName = Release;
		};
		5D79901523638BF400C29ACF /* Build configuration list for PBXNativeTarget "loginUsernamePassword" */ = {
			isa = XCConfigurationList;
			buildConfigurations = (
				5D79901623638BF400C29ACF /* Debug */,
				5D79901723638BF400C29ACF /* Release */,
			);
			defaultConfigurationIsVisible = 0;
			defaultConfigurationName = Release;
		};
/* End XCConfigurationList section */
	};
	rootObject = 5D798FFB23638BF400C29ACF /* Project object */;
}
